
Microsoft Visual Studio Solution File, Format Version 12.00
# Visual Studio Version 16
VisualStudioVersion = 16.0.31624.102
MinimumVisualStudioVersion = 10.0.40219.1
Project("{FAE04EC0-301F-11D3-BF4B-00C04F79EFBC}") = "WpfCatYears", "WpfCatYears\WpfCatYears.csproj", "{DBC7A999-B276-44F0-B330-895F6B022BFC}"
EndProject
Global
	GlobalSection(SolutionConfigurationPlatforms) = preSolution
		Debug|Any CPU = Debug|Any CPU
		Release|Any CPU = Release|Any CPU
	EndGlobalSection
	GlobalSection(ProjectConfigurationPlatforms) = postSolution
		{DBC7A999-B276-44F0-B330-895F6B022BFC}.Debug|Any CPU.ActiveCfg = Debug|Any CPU
		{DBC7A999-B276-44F0-B330-895F6B022BFC}.Debug|Any CPU.Build.0 = Debug|Any CPU
		{DBC7A999-B276-44F0-B330-895F6B022BFC}.Release|Any CPU.ActiveCfg = Release|Any CPU
		{DBC7A999-B276-44F0-B330-895F6B022BFC}.Release|Any CPU.Build.0 = Release|Any CPU
	EndGlobalSection
	GlobalSection(SolutionProperties) = preSolution
		HideSolutionNode = FALSE
	EndGlobalSection
	GlobalSection(ExtensibilityGlobals) = postSolution
		SolutionGuid = {49E750EC-E0FF-4836-BD21-2741E4279E5F}
	EndGlobalSection
EndGlobal
