
Microsoft Visual Studio Solution File, Format Version 12.00
# Visual Studio Version 16
VisualStudioVersion = 16.0.31624.102
MinimumVisualStudioVersion = 10.0.40219.1
Project("{FAE04EC0-301F-11D3-BF4B-00C04F79EFBC}") = "WpfDatePicker", "WpfDatePicker\WpfDatePicker.csproj", "{3EAA8522-28FE-4EA9-B179-87671CB3C719}"
EndProject
Global
	GlobalSection(SolutionConfigurationPlatforms) = preSolution
		Debug|Any CPU = Debug|Any CPU
		Release|Any CPU = Release|Any CPU
	EndGlobalSection
	GlobalSection(ProjectConfigurationPlatforms) = postSolution
		{3EAA8522-28FE-4EA9-B179-87671CB3C719}.Debug|Any CPU.ActiveCfg = Debug|Any CPU
		{3EAA8522-28FE-4EA9-B179-87671CB3C719}.Debug|Any CPU.Build.0 = Debug|Any CPU
		{3EAA8522-28FE-4EA9-B179-87671CB3C719}.Release|Any CPU.ActiveCfg = Release|Any CPU
		{3EAA8522-28FE-4EA9-B179-87671CB3C719}.Release|Any CPU.Build.0 = Release|Any CPU
	EndGlobalSection
	GlobalSection(SolutionProperties) = preSolution
		HideSolutionNode = FALSE
	EndGlobalSection
	GlobalSection(ExtensibilityGlobals) = postSolution
		SolutionGuid = {4F83C8E9-CAEE-4F6D-87A6-DBF929A9777F}
	EndGlobalSection
EndGlobal
