
Microsoft Visual Studio Solution File, Format Version 12.00
# Visual Studio Version 16
VisualStudioVersion = 16.0.31624.102
MinimumVisualStudioVersion = 10.0.40219.1
Project("{FAE04EC0-301F-11D3-BF4B-00C04F79EFBC}") = "WpfGrids", "WpfGrids\WpfGrids.csproj", "{7C0A50CE-0069-4AE5-80CC-F85F49E27EEE}"
EndProject
Global
	GlobalSection(SolutionConfigurationPlatforms) = preSolution
		Debug|Any CPU = Debug|Any CPU
		Release|Any CPU = Release|Any CPU
	EndGlobalSection
	GlobalSection(ProjectConfigurationPlatforms) = postSolution
		{7C0A50CE-0069-4AE5-80CC-F85F49E27EEE}.Debug|Any CPU.ActiveCfg = Debug|Any CPU
		{7C0A50CE-0069-4AE5-80CC-F85F49E27EEE}.Debug|Any CPU.Build.0 = Debug|Any CPU
		{7C0A50CE-0069-4AE5-80CC-F85F49E27EEE}.Release|Any CPU.ActiveCfg = Release|Any CPU
		{7C0A50CE-0069-4AE5-80CC-F85F49E27EEE}.Release|Any CPU.Build.0 = Release|Any CPU
	EndGlobalSection
	GlobalSection(SolutionProperties) = preSolution
		HideSolutionNode = FALSE
	EndGlobalSection
	GlobalSection(ExtensibilityGlobals) = postSolution
		SolutionGuid = {D9F31F99-F28A-4D8F-8402-262253EADE0D}
	EndGlobalSection
EndGlobal
