
Microsoft Visual Studio Solution File, Format Version 12.00
# Visual Studio Version 16
VisualStudioVersion = 16.0.31321.278
MinimumVisualStudioVersion = 10.0.40219.1
Project("{FAE04EC0-301F-11D3-BF4B-00C04F79EFBC}") = "WpfImages", "WpfImages\WpfImages.csproj", "{F32714A0-2A7B-4E9F-AE0F-835C8A766F05}"
EndProject
Global
	GlobalSection(SolutionConfigurationPlatforms) = preSolution
		Debug|Any CPU = Debug|Any CPU
		Release|Any CPU = Release|Any CPU
	EndGlobalSection
	GlobalSection(ProjectConfigurationPlatforms) = postSolution
		{F32714A0-2A7B-4E9F-AE0F-835C8A766F05}.Debug|Any CPU.ActiveCfg = Debug|Any CPU
		{F32714A0-2A7B-4E9F-AE0F-835C8A766F05}.Debug|Any CPU.Build.0 = Debug|Any CPU
		{F32714A0-2A7B-4E9F-AE0F-835C8A766F05}.Release|Any CPU.ActiveCfg = Release|Any CPU
		{F32714A0-2A7B-4E9F-AE0F-835C8A766F05}.Release|Any CPU.Build.0 = Release|Any CPU
	EndGlobalSection
	GlobalSection(SolutionProperties) = preSolution
		HideSolutionNode = FALSE
	EndGlobalSection
	GlobalSection(ExtensibilityGlobals) = postSolution
		SolutionGuid = {C7140B50-CBE6-4065-9C6F-68661BD0915E}
	EndGlobalSection
EndGlobal
