
Microsoft Visual Studio Solution File, Format Version 12.00
# Visual Studio Version 16
VisualStudioVersion = 16.0.31624.102
MinimumVisualStudioVersion = 10.0.40219.1
Project("{FAE04EC0-301F-11D3-BF4B-00C04F79EFBC}") = "WpfExpander", "WpfExpander\WpfExpander.csproj", "{D92FA387-2DE0-4C35-9D11-8A0CACBDE9E5}"
EndProject
Global
	GlobalSection(SolutionConfigurationPlatforms) = preSolution
		Debug|Any CPU = Debug|Any CPU
		Release|Any CPU = Release|Any CPU
	EndGlobalSection
	GlobalSection(ProjectConfigurationPlatforms) = postSolution
		{D92FA387-2DE0-4C35-9D11-8A0CACBDE9E5}.Debug|Any CPU.ActiveCfg = Debug|Any CPU
		{D92FA387-2DE0-4C35-9D11-8A0CACBDE9E5}.Debug|Any CPU.Build.0 = Debug|Any CPU
		{D92FA387-2DE0-4C35-9D11-8A0CACBDE9E5}.Release|Any CPU.ActiveCfg = Release|Any CPU
		{D92FA387-2DE0-4C35-9D11-8A0CACBDE9E5}.Release|Any CPU.Build.0 = Release|Any CPU
	EndGlobalSection
	GlobalSection(SolutionProperties) = preSolution
		HideSolutionNode = FALSE
	EndGlobalSection
	GlobalSection(ExtensibilityGlobals) = postSolution
		SolutionGuid = {BFFFBA1D-9915-417F-9201-D7A07CB5AFD4}
	EndGlobalSection
EndGlobal
